PODS:
  - ImageRecognitionDemo (0.1.0)

DEPENDENCIES:
  - ImageRecognitionDemo (from `../`)

EXTERNAL SOURCES:
  ImageRecognitionDemo:
    :path: "../"

SPEC CHECKSUMS:
  ImageRecognitionDemo: 541f6cf5cb5f01bb96cb0721e8b36b95da68e83e

PODFILE CHECKSUM: 9e69d2ed36571da6b8b9ba2a66845ed9919d1c7f

COCOAPODS: 1.6.0.beta.2
