PODS:
  - ImageRecognitionDemo (0.2.0)

DEPENDENCIES:
  - ImageRecognitionDemo

SPEC REPOS:
  https://github.com/cocoapods/specs.git:
    - ImageRecognitionDemo

SPEC CHECKSUMS:
  ImageRecognitionDemo: d35feb5acc70af8158e255551226b80a51334e43

PODFILE CHECKSUM: 4ef0e3f729dd411e93377f7f0ea3e1575ead63f0

COCOAPODS: 1.6.0.beta.2
